{
  "name": "1",
  "version": "1.0.0",
  "lockfileVersion": 1,
  "requires": true,
  "dependencies": {
    "validate.js": {
      "version": "0.13.1",
      "resolved": "https://registry.nlark.com/validate.js/download/validate.js-0.13.1.tgz",
      "integrity": "sha1-tYv6wEoPYAo0D2LlIn5w2Vlx6So="
    }
  }
}
